
Microsoft Visual Studio Solution File, Format Version 12.00
# Visual Studio Version 17
VisualStudioVersion = 17.14.36401.2
MinimumVisualStudioVersion = 10.0.40219.1
Project("{FAE04EC0-301F-11D3-BF4B-00C04F79EFBC}") = "WCB.Components", "WCB.Components\WCB.Components.csproj", "{B70E4E1F-0F10-4F7C-8E6C-CF35B651EB71}"
EndProject
Project("{FAE04EC0-301F-11D3-BF4B-00C04F79EFBC}") = "WCB.Components.Demo", "WCB.Components.Demo\WCB.Components.Demo.csproj", "{BE7162E9-5E87-4406-A359-4F131C98E01F}"
EndProject
Global
	GlobalSection(SolutionConfigurationPlatforms) = preSolution
		Debug|Any CPU = Debug|Any CPU
		Release|Any CPU = Release|Any CPU
	EndGlobalSection
	GlobalSection(ProjectConfigurationPlatforms) = postSolution
		{B70E4E1F-0F10-4F7C-8E6C-CF35B651EB71}.Debug|Any CPU.ActiveCfg = Debug|Any CPU
		{B70E4E1F-0F10-4F7C-8E6C-CF35B651EB71}.Debug|Any CPU.Build.0 = Debug|Any CPU
		{B70E4E1F-0F10-4F7C-8E6C-CF35B651EB71}.Release|Any CPU.ActiveCfg = Release|Any CPU
		{B70E4E1F-0F10-4F7C-8E6C-CF35B651EB71}.Release|Any CPU.Build.0 = Release|Any CPU
		{BE7162E9-5E87-4406-A359-4F131C98E01F}.Debug|Any CPU.ActiveCfg = Debug|Any CPU
		{BE7162E9-5E87-4406-A359-4F131C98E01F}.Debug|Any CPU.Build.0 = Debug|Any CPU
		{BE7162E9-5E87-4406-A359-4F131C98E01F}.Release|Any CPU.ActiveCfg = Release|Any CPU
		{BE7162E9-5E87-4406-A359-4F131C98E01F}.Release|Any CPU.Build.0 = Release|Any CPU
	EndGlobalSection
	GlobalSection(SolutionProperties) = preSolution
		HideSolutionNode = FALSE
	EndGlobalSection
	GlobalSection(ExtensibilityGlobals) = postSolution
		SolutionGuid = {6F25B051-75F7-428B-9AE6-F4E294F60F5E}
	EndGlobalSection
EndGlobal
